
Microsoft Visual Studio Solution File, Format Version 12.00
# Visual Studio Version 17
VisualStudioVersion = 17.5.33424.131
MinimumVisualStudioVersion = 10.0.40219.1
Project("{FAE04EC0-301F-11D3-BF4B-00C04F79EFBC}") = "radiobutton", "radiobutton\radiobutton.csproj", "{EB16FC71-7EBB-4686-AED0-FC616A848861}"
EndProject
Global
	GlobalSection(SolutionConfigurationPlatforms) = preSolution
		Debug|Any CPU = Debug|Any CPU
		Release|Any CPU = Release|Any CPU
	EndGlobalSection
	GlobalSection(ProjectConfigurationPlatforms) = postSolution
		{EB16FC71-7EBB-4686-AED0-FC616A848861}.Debug|Any CPU.ActiveCfg = Debug|Any CPU
		{EB16FC71-7EBB-4686-AED0-FC616A848861}.Debug|Any CPU.Build.0 = Debug|Any CPU
		{EB16FC71-7EBB-4686-AED0-FC616A848861}.Release|Any CPU.ActiveCfg = Release|Any CPU
		{EB16FC71-7EBB-4686-AED0-FC616A848861}.Release|Any CPU.Build.0 = Release|Any CPU
	EndGlobalSection
	GlobalSection(SolutionProperties) = preSolution
		HideSolutionNode = FALSE
	EndGlobalSection
	GlobalSection(ExtensibilityGlobals) = postSolution
		SolutionGuid = {3D5077DA-F277-440C-A45D-237593F5FE47}
	EndGlobalSection
EndGlobal
